
Microsoft Visual Studio Solution File, Format Version 12.00
# Visual Studio 15
VisualStudioVersion = 15.0.26124.0
MinimumVisualStudioVersion = 15.0.26124.0
Project("{2150E333-8FDC-42A3-9474-1A3956D46DE8}") = "src", "src", "{02309305-FBAA-4B6B-BF41-2964C48AE14B}"
EndProject
Project("{FAE04EC0-301F-11D3-BF4B-00C04F79EFBC}") = "DotNetNinja.AutoBoundConfiguration", "src\DotNetNinja.AutoBoundConfiguration\DotNetNinja.AutoBoundConfiguration.csproj", "{2E4CA2CF-5E5B-4D9D-8885-74B215D85806}"
EndProject
Project("{FAE04EC0-301F-11D3-BF4B-00C04F79EFBC}") = "SampleApplication", "src\SampleApplication\SampleApplication.csproj", "{1DFE23CB-20B5-47C6-B8B2-1FBF1B5F58D1}"
EndProject
Project("{2150E333-8FDC-42A3-9474-1A3956D46DE8}") = "tests", "tests", "{2FF85602-5E9E-4041-B6EF-268CCF5DC555}"
EndProject
Project("{FAE04EC0-301F-11D3-BF4B-00C04F79EFBC}") = "DotNetNinja.AutoBoundConfiguration.Tests", "tests\DotNetNinja.AutoBoundConfiguration.Tests\DotNetNinja.AutoBoundConfiguration.Tests.csproj", "{5EF1AEC9-42DE-489E-9836-982C10807698}"
EndProject
Project("{FAE04EC0-301F-11D3-BF4B-00C04F79EFBC}") = "DotNetNinja.AutoBoundConfiguration.TestAssembly", "tests\DotNetNinja.AutoBoundConfiguration.TestAssembly\DotNetNinja.AutoBoundConfiguration.TestAssembly.csproj", "{DF55F835-B28C-4098-B74B-0228C1836268}"
EndProject
Global
	GlobalSection(SolutionConfigurationPlatforms) = preSolution
		Debug|Any CPU = Debug|Any CPU
		Debug|x64 = Debug|x64
		Debug|x86 = Debug|x86
		Release|Any CPU = Release|Any CPU
		Release|x64 = Release|x64
		Release|x86 = Release|x86
	EndGlobalSection
	GlobalSection(SolutionProperties) = preSolution
		HideSolutionNode = FALSE
	EndGlobalSection
	GlobalSection(ProjectConfigurationPlatforms) = postSolution
		{2E4CA2CF-5E5B-4D9D-8885-74B215D85806}.Debug|Any CPU.ActiveCfg = Debug|Any CPU
		{2E4CA2CF-5E5B-4D9D-8885-74B215D85806}.Debug|Any CPU.Build.0 = Debug|Any CPU
		{2E4CA2CF-5E5B-4D9D-8885-74B215D85806}.Debug|x64.ActiveCfg = Debug|Any CPU
		{2E4CA2CF-5E5B-4D9D-8885-74B215D85806}.Debug|x64.Build.0 = Debug|Any CPU
		{2E4CA2CF-5E5B-4D9D-8885-74B215D85806}.Debug|x86.ActiveCfg = Debug|Any CPU
		{2E4CA2CF-5E5B-4D9D-8885-74B215D85806}.Debug|x86.Build.0 = Debug|Any CPU
		{2E4CA2CF-5E5B-4D9D-8885-74B215D85806}.Release|Any CPU.ActiveCfg = Release|Any CPU
		{2E4CA2CF-5E5B-4D9D-8885-74B215D85806}.Release|Any CPU.Build.0 = Release|Any CPU
		{2E4CA2CF-5E5B-4D9D-8885-74B215D85806}.Release|x64.ActiveCfg = Release|Any CPU
		{2E4CA2CF-5E5B-4D9D-8885-74B215D85806}.Release|x64.Build.0 = Release|Any CPU
		{2E4CA2CF-5E5B-4D9D-8885-74B215D85806}.Release|x86.ActiveCfg = Release|Any CPU
		{2E4CA2CF-5E5B-4D9D-8885-74B215D85806}.Release|x86.Build.0 = Release|Any CPU
		{1DFE23CB-20B5-47C6-B8B2-1FBF1B5F58D1}.Debug|Any CPU.ActiveCfg = Debug|Any CPU
		{1DFE23CB-20B5-47C6-B8B2-1FBF1B5F58D1}.Debug|Any CPU.Build.0 = Debug|Any CPU
		{1DFE23CB-20B5-47C6-B8B2-1FBF1B5F58D1}.Debug|x64.ActiveCfg = Debug|Any CPU
		{1DFE23CB-20B5-47C6-B8B2-1FBF1B5F58D1}.Debug|x64.Build.0 = Debug|Any CPU
		{1DFE23CB-20B5-47C6-B8B2-1FBF1B5F58D1}.Debug|x86.ActiveCfg = Debug|Any CPU
		{1DFE23CB-20B5-47C6-B8B2-1FBF1B5F58D1}.Debug|x86.Build.0 = Debug|Any CPU
		{1DFE23CB-20B5-47C6-B8B2-1FBF1B5F58D1}.Release|Any CPU.ActiveCfg = Release|Any CPU
		{1DFE23CB-20B5-47C6-B8B2-1FBF1B5F58D1}.Release|Any CPU.Build.0 = Release|Any CPU
		{1DFE23CB-20B5-47C6-B8B2-1FBF1B5F58D1}.Release|x64.ActiveCfg = Release|Any CPU
		{1DFE23CB-20B5-47C6-B8B2-1FBF1B5F58D1}.Release|x64.Build.0 = Release|Any CPU
		{1DFE23CB-20B5-47C6-B8B2-1FBF1B5F58D1}.Release|x86.ActiveCfg = Release|Any CPU
		{1DFE23CB-20B5-47C6-B8B2-1FBF1B5F58D1}.Release|x86.Build.0 = Release|Any CPU
		{5EF1AEC9-42DE-489E-9836-982C10807698}.Debug|Any CPU.ActiveCfg = Debug|Any CPU
		{5EF1AEC9-42DE-489E-9836-982C10807698}.Debug|Any CPU.Build.0 = Debug|Any CPU
		{5EF1AEC9-42DE-489E-9836-982C10807698}.Debug|x64.ActiveCfg = Debug|Any CPU
		{5EF1AEC9-42DE-489E-9836-982C10807698}.Debug|x64.Build.0 = Debug|Any CPU
		{5EF1AEC9-42DE-489E-9836-982C10807698}.Debug|x86.ActiveCfg = Debug|Any CPU
		{5EF1AEC9-42DE-489E-9836-982C10807698}.Debug|x86.Build.0 = Debug|Any CPU
		{5EF1AEC9-42DE-489E-9836-982C10807698}.Release|Any CPU.ActiveCfg = Release|Any CPU
		{5EF1AEC9-42DE-489E-9836-982C10807698}.Release|Any CPU.Build.0 = Release|Any CPU
		{5EF1AEC9-42DE-489E-9836-982C10807698}.Release|x64.ActiveCfg = Release|Any CPU
		{5EF1AEC9-42DE-489E-9836-982C10807698}.Release|x64.Build.0 = Release|Any CPU
		{5EF1AEC9-42DE-489E-9836-982C10807698}.Release|x86.ActiveCfg = Release|Any CPU
		{5EF1AEC9-42DE-489E-9836-982C10807698}.Release|x86.Build.0 = Release|Any CPU
		{DF55F835-B28C-4098-B74B-0228C1836268}.Debug|Any CPU.ActiveCfg = Debug|Any CPU
		{DF55F835-B28C-4098-B74B-0228C1836268}.Debug|Any CPU.Build.0 = Debug|Any CPU
		{DF55F835-B28C-4098-B74B-0228C1836268}.Debug|x64.ActiveCfg = Debug|Any CPU
		{DF55F835-B28C-4098-B74B-0228C1836268}.Debug|x64.Build.0 = Debug|Any CPU
		{DF55F835-B28C-4098-B74B-0228C1836268}.Debug|x86.ActiveCfg = Debug|Any CPU
		{DF55F835-B28C-4098-B74B-0228C1836268}.Debug|x86.Build.0 = Debug|Any CPU
		{DF55F835-B28C-4098-B74B-0228C1836268}.Release|Any CPU.ActiveCfg = Release|Any CPU
		{DF55F835-B28C-4098-B74B-0228C1836268}.Release|Any CPU.Build.0 = Release|Any CPU
		{DF55F835-B28C-4098-B74B-0228C1836268}.Release|x64.ActiveCfg = Release|Any CPU
		{DF55F835-B28C-4098-B74B-0228C1836268}.Release|x64.Build.0 = Release|Any CPU
		{DF55F835-B28C-4098-B74B-0228C1836268}.Release|x86.ActiveCfg = Release|Any CPU
		{DF55F835-B28C-4098-B74B-0228C1836268}.Release|x86.Build.0 = Release|Any CPU
	EndGlobalSection
	GlobalSection(NestedProjects) = preSolution
		{2E4CA2CF-5E5B-4D9D-8885-74B215D85806} = {02309305-FBAA-4B6B-BF41-2964C48AE14B}
		{1DFE23CB-20B5-47C6-B8B2-1FBF1B5F58D1} = {02309305-FBAA-4B6B-BF41-2964C48AE14B}
		{5EF1AEC9-42DE-489E-9836-982C10807698} = {2FF85602-5E9E-4041-B6EF-268CCF5DC555}
		{DF55F835-B28C-4098-B74B-0228C1836268} = {2FF85602-5E9E-4041-B6EF-268CCF5DC555}
	EndGlobalSection
EndGlobal
